
Microsoft Visual Studio Solution File, Format Version 12.00
# Visual Studio 15
VisualStudioVersion = 15.0.28307.421
MinimumVisualStudioVersion = 10.0.40219.1
Project("{888888A0-9F3D-457C-B088-3A5042F75D52}") = "Edmonds-Karp", "Edmonds-Karp\Edmonds-Karp.pyproj", "{D13C0745-99F5-41C7-ADFB-CF7A055ED735}"
EndProject
Global
	GlobalSection(SolutionConfigurationPlatforms) = preSolution
		Debug|Any CPU = Debug|Any CPU
		Release|Any CPU = Release|Any CPU
	EndGlobalSection
	GlobalSection(ProjectConfigurationPlatforms) = postSolution
		{D13C0745-99F5-41C7-ADFB-CF7A055ED735}.Debug|Any CPU.ActiveCfg = Debug|Any CPU
		{D13C0745-99F5-41C7-ADFB-CF7A055ED735}.Release|Any CPU.ActiveCfg = Release|Any CPU
	EndGlobalSection
	GlobalSection(SolutionProperties) = preSolution
		HideSolutionNode = FALSE
	EndGlobalSection
	GlobalSection(ExtensibilityGlobals) = postSolution
		SolutionGuid = {146667C6-1DAC-4D4C-8ECF-3614DA605472}
	EndGlobalSection
EndGlobal
