
Microsoft Visual Studio Solution File, Format Version 12.00
# Visual Studio 15
VisualStudioVersion = 15.0.28307.421
MinimumVisualStudioVersion = 10.0.40219.1
Project("{888888A0-9F3D-457C-B088-3A5042F75D52}") = "Dijkstra_cycle", "Dijkstra_cycle\Dijkstra_cycle.pyproj", "{F7F479F8-93C7-4DF9-88A1-CD95017D7A2B}"
EndProject
Global
	GlobalSection(SolutionConfigurationPlatforms) = preSolution
		Debug|Any CPU = Debug|Any CPU
		Release|Any CPU = Release|Any CPU
	EndGlobalSection
	GlobalSection(ProjectConfigurationPlatforms) = postSolution
		{F7F479F8-93C7-4DF9-88A1-CD95017D7A2B}.Debug|Any CPU.ActiveCfg = Debug|Any CPU
		{F7F479F8-93C7-4DF9-88A1-CD95017D7A2B}.Release|Any CPU.ActiveCfg = Release|Any CPU
	EndGlobalSection
	GlobalSection(SolutionProperties) = preSolution
		HideSolutionNode = FALSE
	EndGlobalSection
	GlobalSection(ExtensibilityGlobals) = postSolution
		SolutionGuid = {AA6FCD0E-D9A1-4152-B44F-8F94A536DE03}
	EndGlobalSection
EndGlobal
