
Microsoft Visual Studio Solution File, Format Version 12.00
# Visual Studio 15
VisualStudioVersion = 15.0.28307.421
MinimumVisualStudioVersion = 10.0.40219.1
Project("{888888A0-9F3D-457C-B088-3A5042F75D52}") = "Graph", "Graph\Graph.pyproj", "{60AA4AD0-5DB7-497E-9BB0-244471426DDB}"
EndProject
Global
	GlobalSection(SolutionConfigurationPlatforms) = preSolution
		Debug|Any CPU = Debug|Any CPU
		Release|Any CPU = Release|Any CPU
	EndGlobalSection
	GlobalSection(ProjectConfigurationPlatforms) = postSolution
		{60AA4AD0-5DB7-497E-9BB0-244471426DDB}.Debug|Any CPU.ActiveCfg = Debug|Any CPU
		{60AA4AD0-5DB7-497E-9BB0-244471426DDB}.Release|Any CPU.ActiveCfg = Release|Any CPU
	EndGlobalSection
	GlobalSection(SolutionProperties) = preSolution
		HideSolutionNode = FALSE
	EndGlobalSection
	GlobalSection(ExtensibilityGlobals) = postSolution
		SolutionGuid = {E955BFA6-E54F-41E0-9B99-90B91687AD53}
	EndGlobalSection
EndGlobal
